
Microsoft Visual Studio Solution File, Format Version 12.00
# Visual Studio Version 17
VisualStudioVersion = 17.10.35013.160
MinimumVisualStudioVersion = 10.0.40219.1
Project("{FAE04EC0-301F-11D3-BF4B-00C04F79EFBC}") = "01.HelloSoftUni", "01.HelloSoftUni\01.HelloSoftUni.csproj", "{18DCD9BB-D15B-452D-80F3-A0C5451CEFEF}"
EndProject
Project("{FAE04EC0-301F-11D3-BF4B-00C04F79EFBC}") = "02.Nums1.10", "02.Nums1.10\02.Nums1.10.csproj", "{287E7758-F1F8-4F24-BFD0-3E34C54FBC2E}"
EndProject
Project("{FAE04EC0-301F-11D3-BF4B-00C04F79EFBC}") = "03.RectangleArea", "03.RectangleArea\03.RectangleArea.csproj", "{3D702B85-AB6A-4B97-989E-7BE6D12D63D7}"
EndProject
Project("{FAE04EC0-301F-11D3-BF4B-00C04F79EFBC}") = "04.InchesToCentimeters", "04.InchesToCentimeters\04.InchesToCentimeters.csproj", "{0F075397-EFE5-404C-88EE-389C3E07BC15}"
EndProject
Project("{FAE04EC0-301F-11D3-BF4B-00C04F79EFBC}") = "05.GreetingByName", "05.GreetingByName\05.GreetingByName.csproj", "{09A6EDCF-9431-4DE4-BA74-3F47E79ECB7F}"
EndProject
Project("{FAE04EC0-301F-11D3-BF4B-00C04F79EFBC}") = "06.ConcatenateData", "06.ConcatenateData\06.ConcatenateData.csproj", "{1C0698AA-FE29-46AF-A057-C3E92321C557}"
EndProject
Project("{FAE04EC0-301F-11D3-BF4B-00C04F79EFBC}") = "07.ProjectsCreation", "07.ProjectsCreation\07.ProjectsCreation.csproj", "{CFB514D5-A037-4727-9CD7-F2FC70CC91E3}"
EndProject
Project("{FAE04EC0-301F-11D3-BF4B-00C04F79EFBC}") = "08.PetShop", "08.PetShop\08.PetShop.csproj", "{5AD032B7-1A09-4A86-A14D-A4C9B1632A35}"
EndProject
Project("{FAE04EC0-301F-11D3-BF4B-00C04F79EFBC}") = "09.YardGreening", "09.YardGreening\09.YardGreening.csproj", "{334CF0CE-5E6F-4A97-8EBD-D3CA73BC24C1}"
EndProject
Global
	GlobalSection(SolutionConfigurationPlatforms) = preSolution
		Debug|Any CPU = Debug|Any CPU
		Release|Any CPU = Release|Any CPU
	EndGlobalSection
	GlobalSection(ProjectConfigurationPlatforms) = postSolution
		{18DCD9BB-D15B-452D-80F3-A0C5451CEFEF}.Debug|Any CPU.ActiveCfg = Debug|Any CPU
		{18DCD9BB-D15B-452D-80F3-A0C5451CEFEF}.Debug|Any CPU.Build.0 = Debug|Any CPU
		{18DCD9BB-D15B-452D-80F3-A0C5451CEFEF}.Release|Any CPU.ActiveCfg = Release|Any CPU
		{18DCD9BB-D15B-452D-80F3-A0C5451CEFEF}.Release|Any CPU.Build.0 = Release|Any CPU
		{287E7758-F1F8-4F24-BFD0-3E34C54FBC2E}.Debug|Any CPU.ActiveCfg = Debug|Any CPU
		{287E7758-F1F8-4F24-BFD0-3E34C54FBC2E}.Debug|Any CPU.Build.0 = Debug|Any CPU
		{287E7758-F1F8-4F24-BFD0-3E34C54FBC2E}.Release|Any CPU.ActiveCfg = Release|Any CPU
		{287E7758-F1F8-4F24-BFD0-3E34C54FBC2E}.Release|Any CPU.Build.0 = Release|Any CPU
		{3D702B85-AB6A-4B97-989E-7BE6D12D63D7}.Debug|Any CPU.ActiveCfg = Debug|Any CPU
		{3D702B85-AB6A-4B97-989E-7BE6D12D63D7}.Debug|Any CPU.Build.0 = Debug|Any CPU
		{3D702B85-AB6A-4B97-989E-7BE6D12D63D7}.Release|Any CPU.ActiveCfg = Release|Any CPU
		{3D702B85-AB6A-4B97-989E-7BE6D12D63D7}.Release|Any CPU.Build.0 = Release|Any CPU
		{0F075397-EFE5-404C-88EE-389C3E07BC15}.Debug|Any CPU.ActiveCfg = Debug|Any CPU
		{0F075397-EFE5-404C-88EE-389C3E07BC15}.Debug|Any CPU.Build.0 = Debug|Any CPU
		{0F075397-EFE5-404C-88EE-389C3E07BC15}.Release|Any CPU.ActiveCfg = Release|Any CPU
		{0F075397-EFE5-404C-88EE-389C3E07BC15}.Release|Any CPU.Build.0 = Release|Any CPU
		{09A6EDCF-9431-4DE4-BA74-3F47E79ECB7F}.Debug|Any CPU.ActiveCfg = Debug|Any CPU
		{09A6EDCF-9431-4DE4-BA74-3F47E79ECB7F}.Debug|Any CPU.Build.0 = Debug|Any CPU
		{09A6EDCF-9431-4DE4-BA74-3F47E79ECB7F}.Release|Any CPU.ActiveCfg = Release|Any CPU
		{09A6EDCF-9431-4DE4-BA74-3F47E79ECB7F}.Release|Any CPU.Build.0 = Release|Any CPU
		{1C0698AA-FE29-46AF-A057-C3E92321C557}.Debug|Any CPU.ActiveCfg = Debug|Any CPU
		{1C0698AA-FE29-46AF-A057-C3E92321C557}.Debug|Any CPU.Build.0 = Debug|Any CPU
		{1C0698AA-FE29-46AF-A057-C3E92321C557}.Release|Any CPU.ActiveCfg = Release|Any CPU
		{1C0698AA-FE29-46AF-A057-C3E92321C557}.Release|Any CPU.Build.0 = Release|Any CPU
		{CFB514D5-A037-4727-9CD7-F2FC70CC91E3}.Debug|Any CPU.ActiveCfg = Debug|Any CPU
		{CFB514D5-A037-4727-9CD7-F2FC70CC91E3}.Debug|Any CPU.Build.0 = Debug|Any CPU
		{CFB514D5-A037-4727-9CD7-F2FC70CC91E3}.Release|Any CPU.ActiveCfg = Release|Any CPU
		{CFB514D5-A037-4727-9CD7-F2FC70CC91E3}.Release|Any CPU.Build.0 = Release|Any CPU
		{5AD032B7-1A09-4A86-A14D-A4C9B1632A35}.Debug|Any CPU.ActiveCfg = Debug|Any CPU
		{5AD032B7-1A09-4A86-A14D-A4C9B1632A35}.Debug|Any CPU.Build.0 = Debug|Any CPU
		{5AD032B7-1A09-4A86-A14D-A4C9B1632A35}.Release|Any CPU.ActiveCfg = Release|Any CPU
		{5AD032B7-1A09-4A86-A14D-A4C9B1632A35}.Release|Any CPU.Build.0 = Release|Any CPU
		{334CF0CE-5E6F-4A97-8EBD-D3CA73BC24C1}.Debug|Any CPU.ActiveCfg = Debug|Any CPU
		{334CF0CE-5E6F-4A97-8EBD-D3CA73BC24C1}.Debug|Any CPU.Build.0 = Debug|Any CPU
		{334CF0CE-5E6F-4A97-8EBD-D3CA73BC24C1}.Release|Any CPU.ActiveCfg = Release|Any CPU
		{334CF0CE-5E6F-4A97-8EBD-D3CA73BC24C1}.Release|Any CPU.Build.0 = Release|Any CPU
	EndGlobalSection
	GlobalSection(SolutionProperties) = preSolution
		HideSolutionNode = FALSE
	EndGlobalSection
	GlobalSection(ExtensibilityGlobals) = postSolution
		SolutionGuid = {FE94B666-4E20-4B80-BA85-82712B6FFA86}
	EndGlobalSection
EndGlobal
